
Microsoft Visual Studio Solution File, Format Version 12.00
# Visual Studio 14
VisualStudioVersion = 14.0.25420.1
MinimumVisualStudioVersion = 10.0.40219.1
Project("{2150E333-8FDC-42A3-9474-1A3956D46DE8}") = "xiaowen.concurrency", "xiaowen.concurrency", "{14CDBC3A-2CF7-4169-8866-CFECC503ABBE}"
EndProject
Project("{2150E333-8FDC-42A3-9474-1A3956D46DE8}") = "xiaowen.windows", "xiaowen.windows", "{998900BE-6F95-4A31-B008-86D7E279100D}"
EndProject
Project("{2150E333-8FDC-42A3-9474-1A3956D46DE8}") = "wpf", "wpf", "{409B5C38-26A8-4053-8C39-20EB1D93BE49}"
EndProject
Project("{2150E333-8FDC-42A3-9474-1A3956D46DE8}") = "winform", "winform", "{F87ECD4A-9A16-4C24-84DC-B042AD1E4B72}"
EndProject
Project("{FAE04EC0-301F-11D3-BF4B-00C04F79EFBC}") = "Concurrency.Demo", "Concurrency.Demo\Concurrency.Demo.csproj", "{6DE53818-E505-4F38-871E-EE92C4C217C7}"
EndProject
Project("{2150E333-8FDC-42A3-9474-1A3956D46DE8}") = "xiaowen.office", "xiaowen.office", "{0F7C5728-2182-436A-8DD8-882EB353B920}"
EndProject
Project("{FAE04EC0-301F-11D3-BF4B-00C04F79EFBC}") = "Xiaowen.Office.Excel", "Xiaowen.Office.Excel\Xiaowen.Office.Excel.csproj", "{FB5D64FF-5A90-4C01-BD42-E54210EBD821}"
EndProject
Project("{FAE04EC0-301F-11D3-BF4B-00C04F79EFBC}") = "Xiaowen.Office.Word", "Xiaowen.Office.Word\Xiaowen.Office.Word.csproj", "{C9486D4A-F823-49D6-9A39-5150FECFCD08}"
EndProject
Project("{FAE04EC0-301F-11D3-BF4B-00C04F79EFBC}") = "Xiaowen.Office.Pdf", "Xiaowen.Office.Pdf\Xiaowen.Office.Pdf.csproj", "{DC75C5AC-242F-439E-B153-09A3BAE639BE}"
EndProject
Project("{2150E333-8FDC-42A3-9474-1A3956D46DE8}") = "xiaowen.test", "xiaowen.test", "{8D80DAD9-08E4-4BDF-B0F6-85B7287690CC}"
EndProject
Project("{2150E333-8FDC-42A3-9474-1A3956D46DE8}") = "xiaowen.dbo", "xiaowen.dbo", "{0F89AC8F-01A7-4590-A6E7-87796B09EBA1}"
EndProject
Project("{FAE04EC0-301F-11D3-BF4B-00C04F79EFBC}") = "Xiaowen.Dbo.NHibernate", "Xiaowen.Dbo.NHibernate\Xiaowen.Dbo.NHibernate.csproj", "{AAA4C248-3E35-45FA-A90B-DC879B804A95}"
EndProject
Project("{2150E333-8FDC-42A3-9474-1A3956D46DE8}") = "xiaowen.memory", "xiaowen.memory", "{53F659EB-A28C-42D5-AA34-94AE0FD8C566}"
EndProject
Project("{FAE04EC0-301F-11D3-BF4B-00C04F79EFBC}") = "Xiaowen.Memory.Caching", "Xiaowen.Memory.Caching\Xiaowen.Memory.Caching.csproj", "{16E46361-368C-4E69-A202-E36169B46082}"
EndProject
Project("{2150E333-8FDC-42A3-9474-1A3956D46DE8}") = "xiaowen.network", "xiaowen.network", "{EAF6CC39-0B61-4C43-A707-DC306AC067CB}"
EndProject
Project("{FAE04EC0-301F-11D3-BF4B-00C04F79EFBC}") = "Xiaowen.Net.Download", "Xiaowen.Net.Download\Xiaowen.Net.Download.csproj", "{BB2C72F5-0C4D-4074-A3FB-A83C86A3D5D7}"
EndProject
Project("{FAE04EC0-301F-11D3-BF4B-00C04F79EFBC}") = "Xiaowen.Net.Socket", "Xiaowen.Net.Socket\Xiaowen.Net.Socket.csproj", "{C9D1058B-5346-4553-ACBB-58F79D42B37B}"
EndProject
Project("{FAE04EC0-301F-11D3-BF4B-00C04F79EFBC}") = "Xiaowen.Net.Upload", "Xiaowen.Net.Upload\Xiaowen.Net.Upload.csproj", "{C116A280-5D7C-4C5B-A6DF-9CA002999155}"
EndProject
Project("{2150E333-8FDC-42A3-9474-1A3956D46DE8}") = "xiaowen.web", "xiaowen.web", "{30E8825C-64D4-4CC5-91A2-85E122726F3A}"
EndProject
Project("{FAE04EC0-301F-11D3-BF4B-00C04F79EFBC}") = "Xiaowen.Web.Mvc", "Xiaowen.Web.Mvc\Xiaowen.Web.Mvc.csproj", "{944C0DB6-58C5-4B00-8E8A-51A2AE960ED3}"
	ProjectSection(ProjectDependencies) = postProject
		{9F6178AA-D41E-4083-9F00-FABB52ACA723} = {9F6178AA-D41E-4083-9F00-FABB52ACA723}
	EndProjectSection
EndProject
Project("{2150E333-8FDC-42A3-9474-1A3956D46DE8}") = "xiaowen.resource", "xiaowen.resource", "{B46203E9-AF10-4F74-A8B3-A389C9937887}"
EndProject
Project("{D954291E-2A0B-460D-934E-DC6B0785DB48}") = "Xiaowen.Resource.Script", "Xiaowen.Resource.Script\Xiaowen.Resource.Script.shproj", "{059B202D-0C7E-411A-95B6-D5EAC3C211E5}"
EndProject
Project("{2150E333-8FDC-42A3-9474-1A3956D46DE8}") = "Solution Items", "Solution Items", "{CC3FB500-B638-4507-8E94-447E560C3B56}"
	ProjectSection(SolutionItems) = preProject
		Local.testsettings = Local.testsettings
	EndProjectSection
EndProject
Project("{FAE04EC0-301F-11D3-BF4B-00C04F79EFBC}") = "Xiaowen.Memory.Radis", "Xiaowen.Memory.Radis\Xiaowen.Memory.Radis.csproj", "{1A2F8762-5647-4BA8-AF1E-F127D51FBA3F}"
EndProject
Project("{2150E333-8FDC-42A3-9474-1A3956D46DE8}") = "xiaowen.console", "xiaowen.console", "{3801EC97-AF64-4B47-9583-D6A84C508F9C}"
EndProject
Project("{2150E333-8FDC-42A3-9474-1A3956D46DE8}") = "xiaowen.windows.lib", "xiaowen.windows.lib", "{CF5C4B50-5B3E-40BB-87C9-EAC7ECDD03D4}"
EndProject
Project("{FAE04EC0-301F-11D3-BF4B-00C04F79EFBC}") = "Xiaowen.Video.Lib", "Xiaowen.Video.Lib\Xiaowen.Video.Lib.csproj", "{A1C40A57-3F95-4311-BA57-9A56007883E6}"
EndProject
Project("{FAE04EC0-301F-11D3-BF4B-00C04F79EFBC}") = "Xiaowen.Map.Lib", "Xiaowen.Map.Lib\Xiaowen.Map.Lib.csproj", "{35E03385-2470-46B4-9C64-EEF9560CE2F8}"
EndProject
Project("{FAE04EC0-301F-11D3-BF4B-00C04F79EFBC}") = "Xiaowen.Dbo.SQLite", "Xiaowen.Dbo.SQLite\Xiaowen.Dbo.SQLite.csproj", "{22C4168D-7621-4DAB-8ED5-ED245FA4A4CA}"
EndProject
Project("{FAE04EC0-301F-11D3-BF4B-00C04F79EFBC}") = "Xiaowen.Dbo.MySQL", "Xiaowen.Dbo.MySQL\Xiaowen.Dbo.MySQL.csproj", "{CB1D3CAD-8D7F-40FE-9BB3-D75D87D90B0C}"
EndProject
Project("{FAE04EC0-301F-11D3-BF4B-00C04F79EFBC}") = "Xiaowen.Dbo.Oracle", "Xiaowen.Dbo.Oracle\Xiaowen.Dbo.Oracle.csproj", "{B17A9415-E894-4CAC-86EE-F89D42565672}"
EndProject
Project("{FAE04EC0-301F-11D3-BF4B-00C04F79EFBC}") = "Xiaowen.Dbo.Utilities", "Xiaowen.Dbo.Utilities\Xiaowen.Dbo.Utilities.csproj", "{93042A52-8DFC-4DFC-A689-B20FE2248D03}"
EndProject
Project("{FAE04EC0-301F-11D3-BF4B-00C04F79EFBC}") = "Xiaowen.Dbo.EF", "Xiaowen.Dbo.EF\Xiaowen.Dbo.EF.csproj", "{CF3AFB9D-F870-4649-8114-ECC57E280A87}"
EndProject
Project("{2150E333-8FDC-42A3-9474-1A3956D46DE8}") = "xiaowen.personal", "xiaowen.personal", "{F4A76307-B4C3-4D54-8FB1-93535B960F5B}"
EndProject
Project("{2150E333-8FDC-42A3-9474-1A3956D46DE8}") = "xiaowen.sqldetach", "xiaowen.sqldetach", "{8223E0FD-8DAA-4D6A-89FD-FA287D065595}"
EndProject
Project("{FAE04EC0-301F-11D3-BF4B-00C04F79EFBC}") = "Xiaowen.Personal.SqlDetach", "Xiaowen.Personal.SqlDetach\Xiaowen.Personal.SqlDetach.csproj", "{C928CE56-96B3-48EA-9090-2E13D9210A6D}"
EndProject
Project("{2150E333-8FDC-42A3-9474-1A3956D46DE8}") = "xiaowen.service.api", "xiaowen.service.api", "{4A0F3436-80AD-486B-93DB-9B06B196C0E2}"
EndProject
Project("{FAE04EC0-301F-11D3-BF4B-00C04F79EFBC}") = "Xiaowen.Service.SqlDetachApi", "Xiaowen.Service.SqlDetachApi\Xiaowen.Service.SqlDetachApi.csproj", "{9F6178AA-D41E-4083-9F00-FABB52ACA723}"
EndProject
Project("{2150E333-8FDC-42A3-9474-1A3956D46DE8}") = "xiaowen.files", "xiaowen.files", "{BCCE0B31-7F9E-452A-AAF9-A2D5143E60E2}"
EndProject
Project("{FAE04EC0-301F-11D3-BF4B-00C04F79EFBC}") = "Xiaowen.Files.Serializable", "Xiaowen.Files.Serializable\Xiaowen.Files.Serializable.csproj", "{0A252E97-ACB2-4484-AE45-61688E0D61F9}"
EndProject
Project("{FAE04EC0-301F-11D3-BF4B-00C04F79EFBC}") = "Xiaowen.Web.Silverlight", "Xiaowen.Web.Silverlight\Xiaowen.Web.Silverlight.csproj", "{4BD1A164-E9C3-4617-9536-DB6922F2C9E0}"
EndProject
Project("{FAE04EC0-301F-11D3-BF4B-00C04F79EFBC}") = "Xiaowen.Web.SilverlightWeb", "Xiaowen.Web.SilverlightWeb\Xiaowen.Web.SilverlightWeb.csproj", "{DA1D8BDB-B8A1-418C-998A-77093796AD04}"
EndProject
Project("{FAE04EC0-301F-11D3-BF4B-00C04F79EFBC}") = "Xiaowen.Windows.Video", "Xiaowen.Windows.Video\Xiaowen.Windows.Video.csproj", "{DC758B87-9183-4FB9-B31D-006664703746}"
EndProject
Project("{FAE04EC0-301F-11D3-BF4B-00C04F79EFBC}") = "Xiaowen.Windows.WeChat", "Xiaowen.Windows.WeChat\Xiaowen.Windows.WeChat.csproj", "{02368612-DD51-481D-80DF-D714CCA3CFEF}"
EndProject
Project("{D954291E-2A0B-460D-934E-DC6B0785DB48}") = "Xiaowen.Docs", "Xiaowen.Docs\Xiaowen.Docs.shproj", "{9812B34F-241F-44B3-A59D-0E33799D1ED3}"
EndProject
Project("{D954291E-2A0B-460D-934E-DC6B0785DB48}") = "Xiaowen.Images", "Xiaowen.Images\Xiaowen.Images.shproj", "{BB1AEA0A-364C-40EE-999E-D727D65AEA0C}"
EndProject
Project("{FAE04EC0-301F-11D3-BF4B-00C04F79EFBC}") = "Xiaowen.Windows.Maps", "Xiaowen.Windows.Maps\Xiaowen.Windows.Maps.csproj", "{E47B4F80-A935-4498-A903-29ED19B1F9B6}"
EndProject
Project("{2150E333-8FDC-42A3-9474-1A3956D46DE8}") = "xiaowen.dotnet", "xiaowen.dotnet", "{9EB12E7A-450B-42F0-8F9B-C4749F285481}"
EndProject
Project("{FAE04EC0-301F-11D3-BF4B-00C04F79EFBC}") = "Xiaowen.DotNet.Guide", "Xiaowen.DotNet.Guide\Xiaowen.DotNet.Guide.csproj", "{EFEF165F-EA7C-4CCC-9D57-CD1D13343142}"
EndProject
Project("{2150E333-8FDC-42A3-9474-1A3956D46DE8}") = "xiaowen.external", "xiaowen.external", "{CF7FBF49-76D3-43D2-B381-7497975BFD0C}"
EndProject
Project("{FAE04EC0-301F-11D3-BF4B-00C04F79EFBC}") = "Xiaowen.Sensing.OfficialWeb", "Xiaowen.Sensing.OfficialWeb\Xiaowen.Sensing.OfficialWeb.csproj", "{DEB21370-9849-4F45-859C-CDAB351C6DE6}"
EndProject
Project("{D954291E-2A0B-460D-934E-DC6B0785DB48}") = "xiaowen.packages", "xiaowen.packages\xiaowen.packages.shproj", "{2C418AE4-997B-477A-8F66-EB84529711EA}"
EndProject
Project("{2150E333-8FDC-42A3-9474-1A3956D46DE8}") = "xiaoen.schema", "xiaoen.schema", "{3E45037F-E4C0-4093-90B1-79DFA9F1F870}"
EndProject
Project("{FAE04EC0-301F-11D3-BF4B-00C04F79EFBC}") = "Xiaowen.Microsoft.MEF", "Xiaowen.Microsoft.MEF\Xiaowen.Microsoft.MEF.csproj", "{7E173A0E-819F-4038-9470-4A0179266A7A}"
EndProject
Global
	GlobalSection(SharedMSBuildProjectFiles) = preSolution
		Xiaowen.Resource.Script\Xiaowen.Resource.Script.projitems*{059b202d-0c7e-411a-95b6-d5eac3c211e5}*SharedItemsImports = 13
		xiaowen.packages\xiaowen.packages.projitems*{2c418ae4-997b-477a-8f66-eb84529711ea}*SharedItemsImports = 13
		Xiaowen.Docs\Xiaowen.Docs.projitems*{9812b34f-241f-44b3-a59d-0e33799d1ed3}*SharedItemsImports = 13
		Xiaowen.Images\Xiaowen.Images.projitems*{bb1aea0a-364c-40ee-999e-d727d65aea0c}*SharedItemsImports = 13
	EndGlobalSection
	GlobalSection(SolutionConfigurationPlatforms) = preSolution
		Debug|Any CPU = Debug|Any CPU
		Release|Any CPU = Release|Any CPU
	EndGlobalSection
	GlobalSection(ProjectConfigurationPlatforms) = postSolution
		{6DE53818-E505-4F38-871E-EE92C4C217C7}.Debug|Any CPU.ActiveCfg = Debug|Any CPU
		{6DE53818-E505-4F38-871E-EE92C4C217C7}.Debug|Any CPU.Build.0 = Debug|Any CPU
		{6DE53818-E505-4F38-871E-EE92C4C217C7}.Release|Any CPU.ActiveCfg = Release|Any CPU
		{6DE53818-E505-4F38-871E-EE92C4C217C7}.Release|Any CPU.Build.0 = Release|Any CPU
		{FB5D64FF-5A90-4C01-BD42-E54210EBD821}.Debug|Any CPU.ActiveCfg = Debug|Any CPU
		{FB5D64FF-5A90-4C01-BD42-E54210EBD821}.Debug|Any CPU.Build.0 = Debug|Any CPU
		{FB5D64FF-5A90-4C01-BD42-E54210EBD821}.Release|Any CPU.ActiveCfg = Release|Any CPU
		{FB5D64FF-5A90-4C01-BD42-E54210EBD821}.Release|Any CPU.Build.0 = Release|Any CPU
		{C9486D4A-F823-49D6-9A39-5150FECFCD08}.Debug|Any CPU.ActiveCfg = Debug|Any CPU
		{C9486D4A-F823-49D6-9A39-5150FECFCD08}.Debug|Any CPU.Build.0 = Debug|Any CPU
		{C9486D4A-F823-49D6-9A39-5150FECFCD08}.Release|Any CPU.ActiveCfg = Release|Any CPU
		{C9486D4A-F823-49D6-9A39-5150FECFCD08}.Release|Any CPU.Build.0 = Release|Any CPU
		{DC75C5AC-242F-439E-B153-09A3BAE639BE}.Debug|Any CPU.ActiveCfg = Debug|Any CPU
		{DC75C5AC-242F-439E-B153-09A3BAE639BE}.Debug|Any CPU.Build.0 = Debug|Any CPU
		{DC75C5AC-242F-439E-B153-09A3BAE639BE}.Release|Any CPU.ActiveCfg = Release|Any CPU
		{DC75C5AC-242F-439E-B153-09A3BAE639BE}.Release|Any CPU.Build.0 = Release|Any CPU
		{AAA4C248-3E35-45FA-A90B-DC879B804A95}.Debug|Any CPU.ActiveCfg = Debug|Any CPU
		{AAA4C248-3E35-45FA-A90B-DC879B804A95}.Debug|Any CPU.Build.0 = Debug|Any CPU
		{AAA4C248-3E35-45FA-A90B-DC879B804A95}.Release|Any CPU.ActiveCfg = Release|Any CPU
		{AAA4C248-3E35-45FA-A90B-DC879B804A95}.Release|Any CPU.Build.0 = Release|Any CPU
		{16E46361-368C-4E69-A202-E36169B46082}.Debug|Any CPU.ActiveCfg = Debug|Any CPU
		{16E46361-368C-4E69-A202-E36169B46082}.Debug|Any CPU.Build.0 = Debug|Any CPU
		{16E46361-368C-4E69-A202-E36169B46082}.Release|Any CPU.ActiveCfg = Release|Any CPU
		{16E46361-368C-4E69-A202-E36169B46082}.Release|Any CPU.Build.0 = Release|Any CPU
		{BB2C72F5-0C4D-4074-A3FB-A83C86A3D5D7}.Debug|Any CPU.ActiveCfg = Debug|Any CPU
		{BB2C72F5-0C4D-4074-A3FB-A83C86A3D5D7}.Debug|Any CPU.Build.0 = Debug|Any CPU
		{BB2C72F5-0C4D-4074-A3FB-A83C86A3D5D7}.Release|Any CPU.ActiveCfg = Release|Any CPU
		{BB2C72F5-0C4D-4074-A3FB-A83C86A3D5D7}.Release|Any CPU.Build.0 = Release|Any CPU
		{C9D1058B-5346-4553-ACBB-58F79D42B37B}.Debug|Any CPU.ActiveCfg = Debug|Any CPU
		{C9D1058B-5346-4553-ACBB-58F79D42B37B}.Debug|Any CPU.Build.0 = Debug|Any CPU
		{C9D1058B-5346-4553-ACBB-58F79D42B37B}.Release|Any CPU.ActiveCfg = Release|Any CPU
		{C9D1058B-5346-4553-ACBB-58F79D42B37B}.Release|Any CPU.Build.0 = Release|Any CPU
		{C116A280-5D7C-4C5B-A6DF-9CA002999155}.Debug|Any CPU.ActiveCfg = Debug|Any CPU
		{C116A280-5D7C-4C5B-A6DF-9CA002999155}.Debug|Any CPU.Build.0 = Debug|Any CPU
		{C116A280-5D7C-4C5B-A6DF-9CA002999155}.Release|Any CPU.ActiveCfg = Release|Any CPU
		{C116A280-5D7C-4C5B-A6DF-9CA002999155}.Release|Any CPU.Build.0 = Release|Any CPU
		{944C0DB6-58C5-4B00-8E8A-51A2AE960ED3}.Debug|Any CPU.ActiveCfg = Debug|Any CPU
		{944C0DB6-58C5-4B00-8E8A-51A2AE960ED3}.Debug|Any CPU.Build.0 = Debug|Any CPU
		{944C0DB6-58C5-4B00-8E8A-51A2AE960ED3}.Release|Any CPU.ActiveCfg = Release|Any CPU
		{944C0DB6-58C5-4B00-8E8A-51A2AE960ED3}.Release|Any CPU.Build.0 = Release|Any CPU
		{1A2F8762-5647-4BA8-AF1E-F127D51FBA3F}.Debug|Any CPU.ActiveCfg = Debug|Any CPU
		{1A2F8762-5647-4BA8-AF1E-F127D51FBA3F}.Debug|Any CPU.Build.0 = Debug|Any CPU
		{1A2F8762-5647-4BA8-AF1E-F127D51FBA3F}.Release|Any CPU.ActiveCfg = Release|Any CPU
		{1A2F8762-5647-4BA8-AF1E-F127D51FBA3F}.Release|Any CPU.Build.0 = Release|Any CPU
		{A1C40A57-3F95-4311-BA57-9A56007883E6}.Debug|Any CPU.ActiveCfg = Debug|Any CPU
		{A1C40A57-3F95-4311-BA57-9A56007883E6}.Debug|Any CPU.Build.0 = Debug|Any CPU
		{A1C40A57-3F95-4311-BA57-9A56007883E6}.Release|Any CPU.ActiveCfg = Release|Any CPU
		{A1C40A57-3F95-4311-BA57-9A56007883E6}.Release|Any CPU.Build.0 = Release|Any CPU
		{35E03385-2470-46B4-9C64-EEF9560CE2F8}.Debug|Any CPU.ActiveCfg = Debug|Any CPU
		{35E03385-2470-46B4-9C64-EEF9560CE2F8}.Debug|Any CPU.Build.0 = Debug|Any CPU
		{35E03385-2470-46B4-9C64-EEF9560CE2F8}.Release|Any CPU.ActiveCfg = Release|Any CPU
		{35E03385-2470-46B4-9C64-EEF9560CE2F8}.Release|Any CPU.Build.0 = Release|Any CPU
		{22C4168D-7621-4DAB-8ED5-ED245FA4A4CA}.Debug|Any CPU.ActiveCfg = Debug|Any CPU
		{22C4168D-7621-4DAB-8ED5-ED245FA4A4CA}.Debug|Any CPU.Build.0 = Debug|Any CPU
		{22C4168D-7621-4DAB-8ED5-ED245FA4A4CA}.Release|Any CPU.ActiveCfg = Release|Any CPU
		{22C4168D-7621-4DAB-8ED5-ED245FA4A4CA}.Release|Any CPU.Build.0 = Release|Any CPU
		{CB1D3CAD-8D7F-40FE-9BB3-D75D87D90B0C}.Debug|Any CPU.ActiveCfg = Debug|Any CPU
		{CB1D3CAD-8D7F-40FE-9BB3-D75D87D90B0C}.Debug|Any CPU.Build.0 = Debug|Any CPU
		{CB1D3CAD-8D7F-40FE-9BB3-D75D87D90B0C}.Release|Any CPU.ActiveCfg = Release|Any CPU
		{CB1D3CAD-8D7F-40FE-9BB3-D75D87D90B0C}.Release|Any CPU.Build.0 = Release|Any CPU
		{B17A9415-E894-4CAC-86EE-F89D42565672}.Debug|Any CPU.ActiveCfg = Debug|Any CPU
		{B17A9415-E894-4CAC-86EE-F89D42565672}.Debug|Any CPU.Build.0 = Debug|Any CPU
		{B17A9415-E894-4CAC-86EE-F89D42565672}.Release|Any CPU.ActiveCfg = Release|Any CPU
		{B17A9415-E894-4CAC-86EE-F89D42565672}.Release|Any CPU.Build.0 = Release|Any CPU
		{93042A52-8DFC-4DFC-A689-B20FE2248D03}.Debug|Any CPU.ActiveCfg = Debug|Any CPU
		{93042A52-8DFC-4DFC-A689-B20FE2248D03}.Debug|Any CPU.Build.0 = Debug|Any CPU
		{93042A52-8DFC-4DFC-A689-B20FE2248D03}.Release|Any CPU.ActiveCfg = Release|Any CPU
		{93042A52-8DFC-4DFC-A689-B20FE2248D03}.Release|Any CPU.Build.0 = Release|Any CPU
		{CF3AFB9D-F870-4649-8114-ECC57E280A87}.Debug|Any CPU.ActiveCfg = Debug|Any CPU
		{CF3AFB9D-F870-4649-8114-ECC57E280A87}.Debug|Any CPU.Build.0 = Debug|Any CPU
		{CF3AFB9D-F870-4649-8114-ECC57E280A87}.Release|Any CPU.ActiveCfg = Release|Any CPU
		{CF3AFB9D-F870-4649-8114-ECC57E280A87}.Release|Any CPU.Build.0 = Release|Any CPU
		{C928CE56-96B3-48EA-9090-2E13D9210A6D}.Debug|Any CPU.ActiveCfg = Debug|Any CPU
		{C928CE56-96B3-48EA-9090-2E13D9210A6D}.Debug|Any CPU.Build.0 = Debug|Any CPU
		{C928CE56-96B3-48EA-9090-2E13D9210A6D}.Release|Any CPU.ActiveCfg = Release|Any CPU
		{C928CE56-96B3-48EA-9090-2E13D9210A6D}.Release|Any CPU.Build.0 = Release|Any CPU
		{9F6178AA-D41E-4083-9F00-FABB52ACA723}.Debug|Any CPU.ActiveCfg = Debug|Any CPU
		{9F6178AA-D41E-4083-9F00-FABB52ACA723}.Debug|Any CPU.Build.0 = Debug|Any CPU
		{9F6178AA-D41E-4083-9F00-FABB52ACA723}.Release|Any CPU.ActiveCfg = Release|Any CPU
		{9F6178AA-D41E-4083-9F00-FABB52ACA723}.Release|Any CPU.Build.0 = Release|Any CPU
		{0A252E97-ACB2-4484-AE45-61688E0D61F9}.Debug|Any CPU.ActiveCfg = Debug|Any CPU
		{0A252E97-ACB2-4484-AE45-61688E0D61F9}.Debug|Any CPU.Build.0 = Debug|Any CPU
		{0A252E97-ACB2-4484-AE45-61688E0D61F9}.Release|Any CPU.ActiveCfg = Release|Any CPU
		{0A252E97-ACB2-4484-AE45-61688E0D61F9}.Release|Any CPU.Build.0 = Release|Any CPU
		{4BD1A164-E9C3-4617-9536-DB6922F2C9E0}.Debug|Any CPU.ActiveCfg = Debug|Any CPU
		{4BD1A164-E9C3-4617-9536-DB6922F2C9E0}.Debug|Any CPU.Build.0 = Debug|Any CPU
		{4BD1A164-E9C3-4617-9536-DB6922F2C9E0}.Release|Any CPU.ActiveCfg = Release|Any CPU
		{4BD1A164-E9C3-4617-9536-DB6922F2C9E0}.Release|Any CPU.Build.0 = Release|Any CPU
		{DA1D8BDB-B8A1-418C-998A-77093796AD04}.Debug|Any CPU.ActiveCfg = Debug|Any CPU
		{DA1D8BDB-B8A1-418C-998A-77093796AD04}.Debug|Any CPU.Build.0 = Debug|Any CPU
		{DA1D8BDB-B8A1-418C-998A-77093796AD04}.Release|Any CPU.ActiveCfg = Release|Any CPU
		{DA1D8BDB-B8A1-418C-998A-77093796AD04}.Release|Any CPU.Build.0 = Release|Any CPU
		{DC758B87-9183-4FB9-B31D-006664703746}.Debug|Any CPU.ActiveCfg = Debug|Any CPU
		{DC758B87-9183-4FB9-B31D-006664703746}.Debug|Any CPU.Build.0 = Debug|Any CPU
		{DC758B87-9183-4FB9-B31D-006664703746}.Release|Any CPU.ActiveCfg = Release|Any CPU
		{DC758B87-9183-4FB9-B31D-006664703746}.Release|Any CPU.Build.0 = Release|Any CPU
		{02368612-DD51-481D-80DF-D714CCA3CFEF}.Debug|Any CPU.ActiveCfg = Debug|Any CPU
		{02368612-DD51-481D-80DF-D714CCA3CFEF}.Debug|Any CPU.Build.0 = Debug|Any CPU
		{02368612-DD51-481D-80DF-D714CCA3CFEF}.Release|Any CPU.ActiveCfg = Release|Any CPU
		{02368612-DD51-481D-80DF-D714CCA3CFEF}.Release|Any CPU.Build.0 = Release|Any CPU
		{E47B4F80-A935-4498-A903-29ED19B1F9B6}.Debug|Any CPU.ActiveCfg = Debug|Any CPU
		{E47B4F80-A935-4498-A903-29ED19B1F9B6}.Debug|Any CPU.Build.0 = Debug|Any CPU
		{E47B4F80-A935-4498-A903-29ED19B1F9B6}.Release|Any CPU.ActiveCfg = Release|Any CPU
		{E47B4F80-A935-4498-A903-29ED19B1F9B6}.Release|Any CPU.Build.0 = Release|Any CPU
		{EFEF165F-EA7C-4CCC-9D57-CD1D13343142}.Debug|Any CPU.ActiveCfg = Debug|Any CPU
		{EFEF165F-EA7C-4CCC-9D57-CD1D13343142}.Debug|Any CPU.Build.0 = Debug|Any CPU
		{EFEF165F-EA7C-4CCC-9D57-CD1D13343142}.Release|Any CPU.ActiveCfg = Release|Any CPU
		{EFEF165F-EA7C-4CCC-9D57-CD1D13343142}.Release|Any CPU.Build.0 = Release|Any CPU
		{DEB21370-9849-4F45-859C-CDAB351C6DE6}.Debug|Any CPU.ActiveCfg = Debug|Any CPU
		{DEB21370-9849-4F45-859C-CDAB351C6DE6}.Debug|Any CPU.Build.0 = Debug|Any CPU
		{DEB21370-9849-4F45-859C-CDAB351C6DE6}.Release|Any CPU.ActiveCfg = Release|Any CPU
		{DEB21370-9849-4F45-859C-CDAB351C6DE6}.Release|Any CPU.Build.0 = Release|Any CPU
		{7E173A0E-819F-4038-9470-4A0179266A7A}.Debug|Any CPU.ActiveCfg = Debug|Any CPU
		{7E173A0E-819F-4038-9470-4A0179266A7A}.Debug|Any CPU.Build.0 = Debug|Any CPU
		{7E173A0E-819F-4038-9470-4A0179266A7A}.Release|Any CPU.ActiveCfg = Release|Any CPU
		{7E173A0E-819F-4038-9470-4A0179266A7A}.Release|Any CPU.Build.0 = Release|Any CPU
	EndGlobalSection
	GlobalSection(SolutionProperties) = preSolution
		HideSolutionNode = FALSE
	EndGlobalSection
	GlobalSection(NestedProjects) = preSolution
		{409B5C38-26A8-4053-8C39-20EB1D93BE49} = {998900BE-6F95-4A31-B008-86D7E279100D}
		{F87ECD4A-9A16-4C24-84DC-B042AD1E4B72} = {998900BE-6F95-4A31-B008-86D7E279100D}
		{6DE53818-E505-4F38-871E-EE92C4C217C7} = {14CDBC3A-2CF7-4169-8866-CFECC503ABBE}
		{FB5D64FF-5A90-4C01-BD42-E54210EBD821} = {0F7C5728-2182-436A-8DD8-882EB353B920}
		{C9486D4A-F823-49D6-9A39-5150FECFCD08} = {0F7C5728-2182-436A-8DD8-882EB353B920}
		{DC75C5AC-242F-439E-B153-09A3BAE639BE} = {0F7C5728-2182-436A-8DD8-882EB353B920}
		{AAA4C248-3E35-45FA-A90B-DC879B804A95} = {0F89AC8F-01A7-4590-A6E7-87796B09EBA1}
		{16E46361-368C-4E69-A202-E36169B46082} = {53F659EB-A28C-42D5-AA34-94AE0FD8C566}
		{BB2C72F5-0C4D-4074-A3FB-A83C86A3D5D7} = {EAF6CC39-0B61-4C43-A707-DC306AC067CB}
		{C9D1058B-5346-4553-ACBB-58F79D42B37B} = {EAF6CC39-0B61-4C43-A707-DC306AC067CB}
		{C116A280-5D7C-4C5B-A6DF-9CA002999155} = {EAF6CC39-0B61-4C43-A707-DC306AC067CB}
		{944C0DB6-58C5-4B00-8E8A-51A2AE960ED3} = {30E8825C-64D4-4CC5-91A2-85E122726F3A}
		{059B202D-0C7E-411A-95B6-D5EAC3C211E5} = {B46203E9-AF10-4F74-A8B3-A389C9937887}
		{CC3FB500-B638-4507-8E94-447E560C3B56} = {8D80DAD9-08E4-4BDF-B0F6-85B7287690CC}
		{1A2F8762-5647-4BA8-AF1E-F127D51FBA3F} = {53F659EB-A28C-42D5-AA34-94AE0FD8C566}
		{A1C40A57-3F95-4311-BA57-9A56007883E6} = {CF5C4B50-5B3E-40BB-87C9-EAC7ECDD03D4}
		{35E03385-2470-46B4-9C64-EEF9560CE2F8} = {CF5C4B50-5B3E-40BB-87C9-EAC7ECDD03D4}
		{22C4168D-7621-4DAB-8ED5-ED245FA4A4CA} = {0F89AC8F-01A7-4590-A6E7-87796B09EBA1}
		{CB1D3CAD-8D7F-40FE-9BB3-D75D87D90B0C} = {0F89AC8F-01A7-4590-A6E7-87796B09EBA1}
		{B17A9415-E894-4CAC-86EE-F89D42565672} = {0F89AC8F-01A7-4590-A6E7-87796B09EBA1}
		{93042A52-8DFC-4DFC-A689-B20FE2248D03} = {0F89AC8F-01A7-4590-A6E7-87796B09EBA1}
		{CF3AFB9D-F870-4649-8114-ECC57E280A87} = {0F89AC8F-01A7-4590-A6E7-87796B09EBA1}
		{8223E0FD-8DAA-4D6A-89FD-FA287D065595} = {F4A76307-B4C3-4D54-8FB1-93535B960F5B}
		{C928CE56-96B3-48EA-9090-2E13D9210A6D} = {8223E0FD-8DAA-4D6A-89FD-FA287D065595}
		{9F6178AA-D41E-4083-9F00-FABB52ACA723} = {4A0F3436-80AD-486B-93DB-9B06B196C0E2}
		{0A252E97-ACB2-4484-AE45-61688E0D61F9} = {BCCE0B31-7F9E-452A-AAF9-A2D5143E60E2}
		{4BD1A164-E9C3-4617-9536-DB6922F2C9E0} = {30E8825C-64D4-4CC5-91A2-85E122726F3A}
		{DA1D8BDB-B8A1-418C-998A-77093796AD04} = {30E8825C-64D4-4CC5-91A2-85E122726F3A}
		{DC758B87-9183-4FB9-B31D-006664703746} = {409B5C38-26A8-4053-8C39-20EB1D93BE49}
		{02368612-DD51-481D-80DF-D714CCA3CFEF} = {409B5C38-26A8-4053-8C39-20EB1D93BE49}
		{9812B34F-241F-44B3-A59D-0E33799D1ED3} = {B46203E9-AF10-4F74-A8B3-A389C9937887}
		{BB1AEA0A-364C-40EE-999E-D727D65AEA0C} = {B46203E9-AF10-4F74-A8B3-A389C9937887}
		{E47B4F80-A935-4498-A903-29ED19B1F9B6} = {409B5C38-26A8-4053-8C39-20EB1D93BE49}
		{9EB12E7A-450B-42F0-8F9B-C4749F285481} = {F4A76307-B4C3-4D54-8FB1-93535B960F5B}
		{EFEF165F-EA7C-4CCC-9D57-CD1D13343142} = {9EB12E7A-450B-42F0-8F9B-C4749F285481}
		{DEB21370-9849-4F45-859C-CDAB351C6DE6} = {30E8825C-64D4-4CC5-91A2-85E122726F3A}
		{2C418AE4-997B-477A-8F66-EB84529711EA} = {B46203E9-AF10-4F74-A8B3-A389C9937887}
		{7E173A0E-819F-4038-9470-4A0179266A7A} = {3E45037F-E4C0-4093-90B1-79DFA9F1F870}
	EndGlobalSection
EndGlobal
